PODS:
  - Flutter (1.0.0)
  - integration_test (0.0.1):
    - Flutter
  - set_primary_swatch_color (0.0.1):
    - Flutter

DEPENDENCIES:
  - Flutter (from `Flutter`)
  - integration_test (from `.symlinks/plugins/integration_test/ios`)
  - set_primary_swatch_color (from `.symlinks/plugins/set_primary_swatch_color/ios`)

EXTERNAL SOURCES:
  Flutter:
    :path: Flutter
  integration_test:
    :path: ".symlinks/plugins/integration_test/ios"
  set_primary_swatch_color:
    :path: ".symlinks/plugins/set_primary_swatch_color/ios"

SPEC CHECKSUMS:
  Flutter: f04841e97a9d0b0a8025694d0796dd46242b2854
  integration_test: 13825b8a9334a850581300559b8839134b124670
  set_primary_swatch_color: 5345959c800cd8175d0622aa054aad28a9573edf

PODFILE CHECKSUM: 70d9d25280d0dd177a5f637cdb0f0b0b12c6a189

COCOAPODS: 1.12.1
